
Microsoft Visual Studio Solution File, Format Version 12.00
# Visual Studio Version 17
VisualStudioVersion = 17.3.32825.248
MinimumVisualStudioVersion = 10.0.40219.1
Project("{8BC9CEB8-8B4A-11D0-8D11-00A0C91BC942}") = "Lab_1", "Lab_1.vcxproj", "{A7371C61-A118-4353-BBE2-9CF403922D66}"
EndProject
Global
	GlobalSection(SolutionConfigurationPlatforms) = preSolution
		Debug|x64 = Debug|x64
		Debug|x86 = Debug|x86
		Release|x64 = Release|x64
		Release|x86 = Release|x86
	EndGlobalSection
	GlobalSection(ProjectConfigurationPlatforms) = postSolution
		{A7371C61-A118-4353-BBE2-9CF403922D66}.Debug|x64.ActiveCfg = Debug|x64
		{A7371C61-A118-4353-BBE2-9CF403922D66}.Debug|x64.Build.0 = Debug|x64
		{A7371C61-A118-4353-BBE2-9CF403922D66}.Debug|x86.ActiveCfg = Debug|Win32
		{A7371C61-A118-4353-BBE2-9CF403922D66}.Debug|x86.Build.0 = Debug|Win32
		{A7371C61-A118-4353-BBE2-9CF403922D66}.Release|x64.ActiveCfg = Release|x64
		{A7371C61-A118-4353-BBE2-9CF403922D66}.Release|x64.Build.0 = Release|x64
		{A7371C61-A118-4353-BBE2-9CF403922D66}.Release|x86.ActiveCfg = Release|Win32
		{A7371C61-A118-4353-BBE2-9CF403922D66}.Release|x86.Build.0 = Release|Win32
	EndGlobalSection
	GlobalSection(SolutionProperties) = preSolution
		HideSolutionNode = FALSE
	EndGlobalSection
	GlobalSection(ExtensibilityGlobals) = postSolution
		SolutionGuid = {E8187316-C727-4106-98DC-DEDBAD1AF269}
	EndGlobalSection
EndGlobal
